
Microsoft Visual Studio Solution File, Format Version 12.00
# Visual Studio 15
VisualStudioVersion = 15.0.27428.1
MinimumVisualStudioVersion = 10.0.40219.1
Project("{FAE04EC0-301F-11D3-BF4B-00C04F79EFBC}") = "Asteroids_Begin", "Asteroids_Begin.csproj", "{ABE1AD9A-B32D-4B08-8E3C-C153543CBFA7}"
EndProject
Global
	GlobalSection(SolutionConfigurationPlatforms) = preSolution
		Debug|Any CPU = Debug|Any CPU
		Release|Any CPU = Release|Any CPU
	EndGlobalSection
	GlobalSection(ProjectConfigurationPlatforms) = postSolution
		{ABE1AD9A-B32D-4B08-8E3C-C153543CBFA7}.Debug|Any CPU.ActiveCfg = Debug|Any CPU
		{ABE1AD9A-B32D-4B08-8E3C-C153543CBFA7}.Debug|Any CPU.Build.0 = Debug|Any CPU
		{ABE1AD9A-B32D-4B08-8E3C-C153543CBFA7}.Release|Any CPU.ActiveCfg = Release|Any CPU
		{ABE1AD9A-B32D-4B08-8E3C-C153543CBFA7}.Release|Any CPU.Build.0 = Release|Any CPU
	EndGlobalSection
	GlobalSection(SolutionProperties) = preSolution
		HideSolutionNode = FALSE
	EndGlobalSection
	GlobalSection(ExtensibilityGlobals) = postSolution
		SolutionGuid = {0537EDE3-7C7D-4288-B58F-B18A37B8C1F4}
	EndGlobalSection
EndGlobal
